{
  "name": "@polpware/amd-bridge",
  "version": "2.5.0",
  "lockfileVersion": 3,
  "requires": true,
  "packages": {
    "": {
      "name": "@polpware/amd-bridge",
      "version": "2.5.0",
      "license": "MIT",
      "dependencies": {
        "backbone": "^1.4.0",
        "backbone.paginator": "^2.0.8",
        "constraintjs": "https://github.com/xlongtang/constraintjs.git",
        "javascript-state-machine": "^3.1.0",
        "jquery": "^3.6.0",
        "locache": "https://github.com/polpware/locache.git",
        "meld": "^1.3.2",
        "model-js": "^0.2.5"
      },
      "devDependencies": {
        "@types/jasmine": "~5.1.8",
        "@types/javascript-state-machine": "^2.4.6",
        "typescript": "^5.0.0"
      }
    },
    "node_modules/@types/jasmine": {
      "version": "5.1.15",
      "resolved": "https://registry.npmjs.org/@types/jasmine/-/jasmine-5.1.15.tgz",
      "integrity": "sha512-ZAC8KjmV2MJxbNTrwXFN+HKeajpXQZp6KpPiR6Aa4XvaEnjP6qh23lL/Rqb7AYzlp3h/rcwDrQ7Gg7q28cQTQg==",
      "dev": true,
      "license": "MIT"
    },
    "node_modules/@types/javascript-state-machine": {
      "version": "2.4.6",
      "resolved": "https://registry.npmjs.org/@types/javascript-state-machine/-/javascript-state-machine-2.4.6.tgz",
      "integrity": "sha512-ERPYa5Hbyz250YNAAVdDSbrGtDPphr7jvj/rVv17YRcW/Ze+GBUqb47Hr/GF23SzZ/L0wzn51Ro8bjtUQYjRJQ==",
      "dev": true,
      "license": "MIT"
    },
    "node_modules/backbone": {
      "version": "1.6.1",
      "resolved": "https://registry.npmjs.org/backbone/-/backbone-1.6.1.tgz",
      "integrity": "sha512-YQzWxOrIgL6BoFnZjThVN99smKYhyEXXFyJJ2lsF1wJLyo4t+QjmkLrH8/fN22FZ4ykF70Xq7PgTugJVR4zS9Q==",
      "license": "MIT",
      "dependencies": {
        "underscore": ">=1.8.3"
      }
    },
    "node_modules/backbone.paginator": {
      "version": "2.0.8",
      "resolved": "https://registry.npmjs.org/backbone.paginator/-/backbone.paginator-2.0.8.tgz",
      "integrity": "sha512-8XS2CTbjnwMbJ/3Traa1te2RPecOGbZ9tc52T89pzo6NXlVEJDFnC++dp7CQLBUZpgk3g0veX8mUbEF4wbD2NQ==",
      "license": "MIT",
      "dependencies": {
        "backbone": "1.1.2 || 1.2.3 || ^1.3.2",
        "underscore": "^1.8.0"
      }
    },
    "node_modules/constraintjs": {
      "version": "0.9.7-beta",
      "resolved": "git+ssh://git@github.com/xlongtang/constraintjs.git#7bcd08bd9fbd6596dd978b201410fab502873f4e",
      "engines": {
        "node": ">= 0.4.7"
      }
    },
    "node_modules/javascript-state-machine": {
      "version": "3.1.0",
      "resolved": "https://registry.npmjs.org/javascript-state-machine/-/javascript-state-machine-3.1.0.tgz",
      "integrity": "sha512-BwhYxQ1OPenBPXC735RgfB+ZUG8H3kjsx8hrYTgWnoy6TPipEy4fiicyhT2lxRKAXq9pG7CfFT8a2HLr6Hmwxg==",
      "license": "MIT"
    },
    "node_modules/jquery": {
      "version": "3.7.1",
      "resolved": "https://registry.npmjs.org/jquery/-/jquery-3.7.1.tgz",
      "integrity": "sha512-m4avr8yL8kmFN8psrbFFFmB/If14iN5o9nw/NgnnM+kybDJpRsAynV2BsfpTYrTRysYUdADVD7CkUUizgkpLfg==",
      "license": "MIT"
    },
    "node_modules/locache": {
      "version": "0.5.0",
      "resolved": "git+ssh://git@github.com/polpware/locache.git#f93bb35868e541165de076d63bda399df6d83a08",
      "license": "ISC"
    },
    "node_modules/meld": {
      "version": "1.3.2",
      "resolved": "https://registry.npmjs.org/meld/-/meld-1.3.2.tgz",
      "integrity": "sha512-vm7Pwiv1t9evT77/etjlZRjTDa/+SgcWFdWCDtoEvgU103Uh7qr4sYPwAsE5rXgwJlZS0w7AR4mzbdu5LrrDEA=="
    },
    "node_modules/model-js": {
      "version": "0.2.5",
      "resolved": "https://registry.npmjs.org/model-js/-/model-js-0.2.5.tgz",
      "integrity": "sha512-JZwDorQUya+NhyyFeRLgbAMx6c2azybArodK6yzBvcud+iv4/cnk6LMq9yeaDweQiXKewjFmJ2LJ8R9AuBAnYg==",
      "license": "MIT"
    },
    "node_modules/typescript": {
      "version": "5.9.3",
      "resolved": "https://registry.npmjs.org/typescript/-/typescript-5.9.3.tgz",
      "integrity": "sha512-jl1vZzPDinLr9eUt3J/t7V6FgNEw9QjvBPdysz9KfQDD41fQrC2Y4vKQdiaUpFT4bXlb1RHhLpp8wtm6M5TgSw==",
      "dev": true,
      "license": "Apache-2.0",
      "bin": {
        "tsc": "bin/tsc",
        "tsserver": "bin/tsserver"
      },
      "engines": {
        "node": ">=14.17"
      }
    },
    "node_modules/underscore": {
      "version": "1.13.8",
      "resolved": "https://registry.npmjs.org/underscore/-/underscore-1.13.8.tgz",
      "integrity": "sha512-DXtD3ZtEQzc7M8m4cXotyHR+FAS18C64asBYY5vqZexfYryNNnDc02W4hKg3rdQuqOYas1jkseX0+nZXjTXnvQ==",
      "license": "MIT"
    }
  }
}
