# This file is generated by running "yarn install" inside your project.
# Manual changes might be lost - proceed with caution!

__metadata:
  version: 6
  cacheKey: 8

"@polpware/fe-dependencies@workspace:.":
  version: 0.0.0-use.local
  resolution: "@polpware/fe-dependencies@workspace:."
  dependencies:
    "@types/backbone": ^1.4.15
    "@types/backbone.paginator": ^2.0.33
    "@types/underscore": ^1.11.4
    backbone: ^1.4.0
    backbone.paginator: ^2.0.8
    constraintjs: "https://github.com/xlongtang/constraintjs.git"
    javascript-state-machine: ^3.1.0
    jquery: ^3.6.0
    locache: "https://github.com/polpware/locache.git"
    meld: ^1.3.2
    model-js: ^0.2.5
    polpware-tinymce-tailor: "https://github.com/polpware-frontend-modules/polpware-tinymce-tailor.git"
    when: ^3.7.8
  languageName: unknown
  linkType: soft

"@types/backbone.paginator@npm:^2.0.33":
  version: 2.0.33
  resolution: "@types/backbone.paginator@npm:2.0.33"
  dependencies:
    "@types/backbone": "*"
  checksum: b74d51116aded8bdb2861aba7737e1e3bbe28deb4dd2106c685928edd5c0071fb1898a397b5c2be95b3f897cbed299a00a74ef65fa7ab86a7f4f4cac5538e029
  languageName: node
  linkType: hard

"@types/backbone@npm:*, @types/backbone@npm:^1.4.15":
  version: 1.4.15
  resolution: "@types/backbone@npm:1.4.15"
  dependencies:
    "@types/jquery": "*"
    "@types/underscore": "*"
  checksum: 8c8a251b05df0e9bb62e1ee62179f3feca4c4f704a0e8d65093e23e2efc81fbf1ec4cdf804497f94ea9b333a3a8cd44d9b949fc5ed6c92bc525c9c31a93f93d9
  languageName: node
  linkType: hard

"@types/jquery@npm:*":
  version: 3.5.14
  resolution: "@types/jquery@npm:3.5.14"
  dependencies:
    "@types/sizzle": "*"
  checksum: 159d6f804ed1a204b3f79f2d591a271d82e866bd45bd49fb6ef40561a25dbe0f47ec7815681b44cc2db5598425f72811e7e80ab0e983d980470998ac56feb375
  languageName: node
  linkType: hard

"@types/sizzle@npm:*":
  version: 2.3.3
  resolution: "@types/sizzle@npm:2.3.3"
  checksum: 586a9fb1f6ff3e325e0f2cc1596a460615f0bc8a28f6e276ac9b509401039dd242fa8b34496d3a30c52f5b495873922d09a9e76c50c2ab2bcc70ba3fb9c4e160
  languageName: node
  linkType: hard

"@types/underscore@npm:*, @types/underscore@npm:^1.11.4":
  version: 1.11.4
  resolution: "@types/underscore@npm:1.11.4"
  checksum: db9f8486bc851b732259e51f42d62aad1ae2158be5724612dc125ece5f5d61c51447f9dea28284c2a0f79cb95e788d01cb5ce97709880019213e69fab0dd1696
  languageName: node
  linkType: hard

"backbone.paginator@npm:^2.0.8":
  version: 2.0.8
  resolution: "backbone.paginator@npm:2.0.8"
  dependencies:
    backbone: 1.1.2 || 1.2.3 || ^1.3.2
    underscore: ^1.8.0
  checksum: c9c091763cf1d25a98160444fdc4a52cd67f98974b03443c9b1cccb0698145515ecd4d558f78b58194227754ea31db23bf537298231b55308c5016d9edf5ecc1
  languageName: node
  linkType: hard

"backbone@npm:1.1.2 || 1.2.3 || ^1.3.2":
  version: 1.3.3
  resolution: "backbone@npm:1.3.3"
  dependencies:
    underscore: ">=1.8.3"
  checksum: 8bbc3f3150e25dac1a21b8cb8098eef3145d2e43be761d92645579731a8153814ab41b3863fab1d79951d10eae8d8add7b5fcdffb16f33e768f04bc88dfa999d
  languageName: node
  linkType: hard

"backbone@npm:^1.4.0":
  version: 1.4.0
  resolution: "backbone@npm:1.4.0"
  dependencies:
    underscore: ">=1.8.3"
  checksum: 09abdf184c485a4cd2c68218298cf772fbefeaa166ef8eb795cdb0159b4ad1d2f6823dde089352eaf0be929e5bbef67c57555722f4d1886f969d954f77814870
  languageName: node
  linkType: hard

"constraintjs@https://github.com/xlongtang/constraintjs.git":
  version: 0.9.7-beta
  resolution: "constraintjs@https://github.com/xlongtang/constraintjs.git#commit=7bcd08bd9fbd6596dd978b201410fab502873f4e"
  checksum: b238dc90c146b17d10a07978d4ecad2b28983271a35445c55f0dd72f1f579e98ef2e81eda9eafa50a5b12349f4e0bd838ae65206dac896ba0dc59c9148b45eaa
  languageName: node
  linkType: hard

"javascript-state-machine@npm:^3.1.0":
  version: 3.1.0
  resolution: "javascript-state-machine@npm:3.1.0"
  checksum: 4510b6bace3659f0eda48fffeb03e54792a1c1f1872e81582b981a79f8cc2029189ed735be0ef8926a66e86189162b1e7f82521dd1d633becc1f84a0a09c0a39
  languageName: node
  linkType: hard

"jquery@npm:^3.6.0":
  version: 3.6.0
  resolution: "jquery@npm:3.6.0"
  checksum: 8fd5fef4aa48fd374ec716dd1c1df1af407814a228e15c1260ca140de3a697c2a77c30c54ff1d238b6a3ab4ddc445ddeef9adce6c6d28e4869d85eb9d3951c0e
  languageName: node
  linkType: hard

"locache@https://github.com/polpware/locache.git":
  version: 0.5.0
  resolution: "locache@https://github.com/polpware/locache.git#commit=f93bb35868e541165de076d63bda399df6d83a08"
  checksum: da2b181cdf084cf20dbcd3311d573225f4e0523a39d2a839806b88a71c2134629d1d60dbd42720e5ee250267297f499e4b3ff04e7b54e7ec0d759fa3333c86b5
  languageName: node
  linkType: hard

"meld@npm:^1.3.2":
  version: 1.3.2
  resolution: "meld@npm:1.3.2"
  checksum: 50a89f81bb60880a79c757715b169b7269c840c9e90b82d1dc966e0304b581988e1c676c606a25c191c21c6ad09177abee5cbd99d703d45ad20608676a65ddce
  languageName: node
  linkType: hard

"model-js@npm:^0.2.5":
  version: 0.2.5
  resolution: "model-js@npm:0.2.5"
  checksum: 2e0fbd5e027a52f4db32abe514a800c48ee1bb3097a573b54384727ece703b877f45085395bacda7b5b1daf95521f6005452cd81361837b95acea6ce411e191b
  languageName: node
  linkType: hard

"polpware-tinymce-tailor@https://github.com/polpware-frontend-modules/polpware-tinymce-tailor.git":
  version: 4.7.9
  resolution: "polpware-tinymce-tailor@https://github.com/polpware-frontend-modules/polpware-tinymce-tailor.git#commit=704c9133520c75b57fd6e9a8d82e0f3e02340590"
  checksum: 57a6ad715040373d3ac86fbc55f470be18e9f5165d7143e449e272b92495370d59cd7c366f1e89e0b533322e401139bfa2811c5f221cdb82cc2fa65c866af18c
  languageName: node
  linkType: hard

"underscore@npm:>=1.8.3, underscore@npm:^1.8.0":
  version: 1.8.3
  resolution: "underscore@npm:1.8.3"
  checksum: 46d9ea25c8b9f6f21080438f5abc1c8be3063efca5154670bf7ef6e61587660113581b258aea07ccab4045b9ab6e9293ef89103210a3491b64ef03c2d8051a36
  languageName: node
  linkType: hard

"when@npm:^3.7.8":
  version: 3.7.8
  resolution: "when@npm:3.7.8"
  checksum: 1f7a3d4a125c61108c51a58b7e42350d290f0595c42fb864a38d403101b40ede28d29068c9f7a8c3e4e0128f2050f7cc68c7e82b3a39a9156f6929fc69bf42fb
  languageName: node
  linkType: hard
