# THIS IS AN AUTOGENERATED FILE. DO NOT EDIT THIS FILE DIRECTLY.
# yarn lockfile v1


backbone.paginator@^2.0.6:
  version "2.0.6"
  resolved "https://registry.yarnpkg.com/backbone.paginator/-/backbone.paginator-2.0.6.tgz#2c6365bec7e90d3927494919bc4894cea0a46400"
  dependencies:
    backbone "1.1.2 || 1.2.3 || ^1.3.2"
    underscore "^1.8.0"

"backbone@1.1.2 || 1.2.3 || ^1.3.2", backbone@^1.3.3:
  version "1.3.3"
  resolved "https://registry.yarnpkg.com/backbone/-/backbone-1.3.3.tgz#4cc80ea7cb1631ac474889ce40f2f8bc683b2999"
  dependencies:
    underscore ">=1.8.3"

"constraintjs@https://github.com/xlongtang/constraintjs.git":
  version "0.9.7-beta"
  resolved "https://github.com/xlongtang/constraintjs.git#7bcd08bd9fbd6596dd978b201410fab502873f4e"

"locache@https://github.com/principleware/locache.git":
  version "0.5.0"
  resolved "https://github.com/principleware/locache.git#f93bb35868e541165de076d63bda399df6d83a08"

meld@^1.3.2:
  version "1.3.2"
  resolved "https://registry.yarnpkg.com/meld/-/meld-1.3.2.tgz#8c3235fb5001b8796f8768818e9e4563b0de8066"

underscore@>=1.8.3, underscore@^1.8.0:
  version "1.8.3"
  resolved "https://registry.yarnpkg.com/underscore/-/underscore-1.8.3.tgz#4f3fb53b106e6097fcf9cb4109f2a5e9bdfa5022"
